# This file is automatically @generated by Veryl.
# It is not intended for manual editing.
version = 1

[[projects]]
name = "rggen"
dependencies = []

[projects.source]
uuid = "14c7e46d-44a0-52cd-b9a3-70b31bd92d75"
url = "https://github.com/rggen/rggen-veryl-rtl"
path = ""
project = "rggen"
version = "0.5.0"
revision = "1f628ca3183b4dbf7ced84b4139159d4f87ff491"
